{
    "name": "npm_dev",
    "lockfileVersion": 3,
    "requires": true,
    "packages": {
        "": {
            "dependencies": {
                "clock-mock": "^2.0.2",
                "haq-time-ago": "^2.5.0"
            }
        },
        "node_modules/clock-mock": {
            "version": "2.0.2",
            "resolved": "https://registry.npmjs.org/clock-mock/-/clock-mock-2.0.2.tgz",
            "integrity": "sha512-qgywozrNhtXKlQgVCFKUTlDm1q7QoR4NbHZXxogKEDqQsxUcxpNI3zTiIWWo15LYgoWI54TH2PGXT7y7A+UYlw==",
            "engines": {
                "node": ">=16.17"
            }
        },
        "node_modules/haq-time-ago": {
            "version": "2.5.0",
            "resolved": "https://registry.npmjs.org/haq-time-ago/-/haq-time-ago-2.5.0.tgz",
            "integrity": "sha512-87PULzsXsL84qLKF3PzPzwfZih9sbWIaclKgBMEWPXjG7jENzEQIG2JZYTBuztlVnhDdo9kd/+CAYkk4fpVaOw=="
        }
    }
}
